// !$*UTF8*$!
{
	archiveVersion = 1;
	classes = {
	};
	objectVersion = 51;
	objects = {

/* Begin PBXBuildFile section */
		6557CB4721CECEDB000E0823 /* AppDelegate.swift in Sources */ = {isa = PBXBuildFile; fileRef = 6557CB4621CECEDB000E0823 /* AppDelegate.swift */; };
		6557CB4921CECEDE000E0823 /* ViewController.swift in Sources */ = {isa = PBXBuildFile; fileRef = 6557CB4821CECEDE000E0823 /* ViewController.swift */; };
		6557CB4C21CECEDE000E0823 /* Main.storyboard in Resources */ = {isa = PBXBuildFile; fileRef = 6557CB4A21CECEDE000E0823 /* Main.storyboard */; };
		6557CB4E21CECF1E000E0823 /* Assets.xcassets in Resources */ = {isa = PBXBuildFile; fileRef = 6557CB4D21CECF1E000E0823 /* Assets.xcassets */; };
		65847F5C21D15D4F0002BFC9 /* LaunchScreen.storyboard in Resources */ = {isa = PBXBuildFile; fileRef = 65847F5A21D15D4F0002BFC9 /* LaunchScreen.storyboard */; };
		65920C9724A1938D00CFD4DF /* WidgetKit.framework in Frameworks */ = {isa = PBXBuildFile; fileRef = 65920C9624A1938D00CFD4DF /* WidgetKit.framework */; };
		65920C9924A1938D00CFD4DF /* SwiftUI.framework in Frameworks */ = {isa = PBXBuildFile; fileRef = 65920C9824A1938D00CFD4DF /* SwiftUI.framework */; };
		65920C9C24A1938D00CFD4DF /* widget1.swift in Sources */ = {isa = PBXBuildFile; fileRef = 65920C9B24A1938D00CFD4DF /* widget1.swift */; };
		65920C9F24A193D300CFD4DF /* Assets.xcassets in Resources */ = {isa = PBXBuildFile; fileRef = 65920C9E24A193D300CFD4DF /* Assets.xcassets */; };
		65920CA124A193D300CFD4DF /* widget1.intentdefinition in Sources */ = {isa = PBXBuildFile; fileRef = 65920C9D24A1938D00CFD4DF /* widget1.intentdefinition */; };
		65920CA224A193D300CFD4DF /* widget1.intentdefinition in Sources */ = {isa = PBXBuildFile; fileRef = 65920C9D24A1938D00CFD4DF /* widget1.intentdefinition */; };
		65920CA524A193D300CFD4DF /* widget1Extension.appex in Embed App Extensions */ = {isa = PBXBuildFile; fileRef = 65920C9424A1938C00CFD4DF /* widget1Extension.appex */; settings = {ATTRIBUTES = (RemoveHeadersOnCopy, ); }; };
		6598A3D121CFD7950077E046 /* PreviewViewController.swift in Sources */ = {isa = PBXBuildFile; fileRef = 6598A3D021CFD7950077E046 /* PreviewViewController.swift */; };
/* End PBXBuildFile section */

/* Begin PBXContainerItemProxy section */
		65920CA324A193D300CFD4DF /* PBXContainerItemProxy */ = {
			isa = PBXContainerItemProxy;
			containerPortal = 6557CB3B21CECED7000E0823 /* Project object */;
			proxyType = 1;
			remoteGlobalIDString = 65920C9324A1938C00CFD4DF;
			remoteInfo = widget1Extension;
		};
/* End PBXContainerItemProxy section */

/* Begin PBXCopyFilesBuildPhase section */
		65920CA924A193D300CFD4DF /* Embed App Extensions */ = {
			isa = PBXCopyFilesBuildPhase;
			buildActionMask = 2147483647;
			dstPath = "";
			dstSubfolderSpec = 13;
			files = (
				65920CA524A193D300CFD4DF /* widget1Extension.appex in Embed App Extensions */,
			);
			name = "Embed App Extensions";
			runOnlyForDeploymentPostprocessing = 0;
		};
/* End PBXCopyFilesBuildPhase section */

/* Begin PBXFileReference section */
		6557CB4321CECED8000E0823 /* OBS Camera.app */ = {isa = PBXFileReference; explicitFileType = wrapper.application; includeInIndex = 0; path = "OBS Camera.app"; sourceTree = BUILT_PRODUCTS_DIR; };
		6557CB4621CECEDB000E0823 /* AppDelegate.swift */ = {isa = PBXFileReference; lastKnownFileType = sourcecode.swift; path = AppDelegate.swift; sourceTree = "<group>"; };
		6557CB4821CECEDE000E0823 /* ViewController.swift */ = {isa = PBXFileReference; lastKnownFileType = sourcecode.swift; path = ViewController.swift; sourceTree = "<group>"; };
		6557CB4B21CECEDE000E0823 /* Base */ = {isa = PBXFileReference; lastKnownFileType = file.storyboard; name = Base; path = Base.lproj/Main.storyboard; sourceTree = "<group>"; };
		6557CB4D21CECF1E000E0823 /* Assets.xcassets */ = {isa = PBXFileReference; lastKnownFileType = folder.assetcatalog; path = Assets.xcassets; sourceTree = "<group>"; };
		6557CB5221CECF1F000E0823 /* Info.plist */ = {isa = PBXFileReference; lastKnownFileType = text.plist.xml; path = Info.plist; sourceTree = "<group>"; };
		65847F5B21D15D4F0002BFC9 /* Base */ = {isa = PBXFileReference; lastKnownFileType = file.storyboard; name = Base; path = Base.lproj/LaunchScreen.storyboard; sourceTree = "<group>"; };
		65920C9424A1938C00CFD4DF /* widget1Extension.appex */ = {isa = PBXFileReference; explicitFileType = "wrapper.app-extension"; includeInIndex = 0; path = widget1Extension.appex; sourceTree = BUILT_PRODUCTS_DIR; };
		65920C9624A1938D00CFD4DF /* WidgetKit.framework */ = {isa = PBXFileReference; lastKnownFileType = wrapper.framework; name = WidgetKit.framework; path = System/Library/Frameworks/WidgetKit.framework; sourceTree = SDKROOT; };
		65920C9824A1938D00CFD4DF /* SwiftUI.framework */ = {isa = PBXFileReference; lastKnownFileType = wrapper.framework; name = SwiftUI.framework; path = System/Library/Frameworks/SwiftUI.framework; sourceTree = SDKROOT; };
		65920C9B24A1938D00CFD4DF /* widget1.swift */ = {isa = PBXFileReference; lastKnownFileType = sourcecode.swift; path = widget1.swift; sourceTree = "<group>"; };
		65920C9D24A1938D00CFD4DF /* widget1.intentdefinition */ = {isa = PBXFileReference; lastKnownFileType = file.intentdefinition; path = widget1.intentdefinition; sourceTree = "<group>"; };
		65920C9E24A193D300CFD4DF /* Assets.xcassets */ = {isa = PBXFileReference; lastKnownFileType = folder.assetcatalog; path = Assets.xcassets; sourceTree = "<group>"; };
		65920CA024A193D300CFD4DF /* Info.plist */ = {isa = PBXFileReference; lastKnownFileType = text.plist.xml; path = Info.plist; sourceTree = "<group>"; };
		6598A3D021CFD7950077E046 /* PreviewViewController.swift */ = {isa = PBXFileReference; lastKnownFileType = sourcecode.swift; path = PreviewViewController.swift; sourceTree = "<group>"; };
/* End PBXFileReference section */

/* Begin PBXFrameworksBuildPhase section */
		6557CB4021CECED8000E0823 /* Frameworks */ = {
			isa = PBXFrameworksBuildPhase;
			buildActionMask = 2147483647;
			files = (
			);
			runOnlyForDeploymentPostprocessing = 0;
		};
		65920C9124A1938C00CFD4DF /* Frameworks */ = {
			isa = PBXFrameworksBuildPhase;
			buildActionMask = 2147483647;
			files = (
				65920C9924A1938D00CFD4DF /* SwiftUI.framework in Frameworks */,
				65920C9724A1938D00CFD4DF /* WidgetKit.framework in Frameworks */,
			);
			runOnlyForDeploymentPostprocessing = 0;
		};
/* End PBXFrameworksBuildPhase section */

/* Begin PBXGroup section */
		6557CB3A21CECED7000E0823 = {
			isa = PBXGroup;
			children = (
				6557CB4521CECED8000E0823 /* OBS Camera */,
				65920C9A24A1938D00CFD4DF /* widget1 */,
				65920C9524A1938D00CFD4DF /* Frameworks */,
				6557CB4421CECED8000E0823 /* Products */,
			);
			sourceTree = "<group>";
		};
		6557CB4421CECED8000E0823 /* Products */ = {
			isa = PBXGroup;
			children = (
				6557CB4321CECED8000E0823 /* OBS Camera.app */,
				65920C9424A1938C00CFD4DF /* widget1Extension.appex */,
			);
			name = Products;
			sourceTree = "<group>";
		};
		6557CB4521CECED8000E0823 /* OBS Camera */ = {
			isa = PBXGroup;
			children = (
				6557CB4621CECEDB000E0823 /* AppDelegate.swift */,
				6557CB4821CECEDE000E0823 /* ViewController.swift */,
				6598A3D021CFD7950077E046 /* PreviewViewController.swift */,
				6557CB4A21CECEDE000E0823 /* Main.storyboard */,
				6557CB4D21CECF1E000E0823 /* Assets.xcassets */,
				65847F5A21D15D4F0002BFC9 /* LaunchScreen.storyboard */,
				6557CB5221CECF1F000E0823 /* Info.plist */,
			);
			path = "OBS Camera";
			sourceTree = "<group>";
		};
		65920C9524A1938D00CFD4DF /* Frameworks */ = {
			isa = PBXGroup;
			children = (
				65920C9624A1938D00CFD4DF /* WidgetKit.framework */,
				65920C9824A1938D00CFD4DF /* SwiftUI.framework */,
			);
			name = Frameworks;
			sourceTree = "<group>";
		};
		65920C9A24A1938D00CFD4DF /* widget1 */ = {
			isa = PBXGroup;
			children = (
				65920C9B24A1938D00CFD4DF /* widget1.swift */,
				65920C9D24A1938D00CFD4DF /* widget1.intentdefinition */,
				65920C9E24A193D300CFD4DF /* Assets.xcassets */,
				65920CA024A193D300CFD4DF /* Info.plist */,
			);
			path = widget1;
			sourceTree = "<group>";
		};
/* End PBXGroup section */

/* Begin PBXNativeTarget section */
		6557CB4221CECED8000E0823 /* OBS Camera */ = {
			isa = PBXNativeTarget;
			buildConfigurationList = 6557CB5521CECF1F000E0823 /* Build configuration list for PBXNativeTarget "OBS Camera" */;
			buildPhases = (
				6557CB3F21CECED8000E0823 /* Sources */,
				6557CB4021CECED8000E0823 /* Frameworks */,
				6557CB4121CECED8000E0823 /* Resources */,
				65920CA924A193D300CFD4DF /* Embed App Extensions */,
			);
			buildRules = (
			);
			dependencies = (
				65920CA424A193D300CFD4DF /* PBXTargetDependency */,
			);
			name = "OBS Camera";
			productName = "OBS Camera";
			productReference = 6557CB4321CECED8000E0823 /* OBS Camera.app */;
			productType = "com.apple.product-type.application";
		};
		65920C9324A1938C00CFD4DF /* widget1Extension */ = {
			isa = PBXNativeTarget;
			buildConfigurationList = 65920CA624A193D300CFD4DF /* Build configuration list for PBXNativeTarget "widget1Extension" */;
			buildPhases = (
				65920C9024A1938C00CFD4DF /* Sources */,
				65920C9124A1938C00CFD4DF /* Frameworks */,
				65920C9224A1938C00CFD4DF /* Resources */,
			);
			buildRules = (
			);
			dependencies = (
			);
			name = widget1Extension;
			productName = widget1Extension;
			productReference = 65920C9424A1938C00CFD4DF /* widget1Extension.appex */;
			productType = "com.apple.product-type.app-extension";
		};
/* End PBXNativeTarget section */

/* Begin PBXProject section */
		6557CB3B21CECED7000E0823 /* Project object */ = {
			isa = PBXProject;
			attributes = {
				LastSwiftUpdateCheck = 1200;
				LastUpgradeCheck = 1200;
				ORGANIZATIONNAME = "Gregory Wainer";
				TargetAttributes = {
					6557CB4221CECED8000E0823 = {
						CreatedOnToolsVersion = 10.1;
						LastSwiftMigration = 1020;
					};
					65920C9324A1938C00CFD4DF = {
						CreatedOnToolsVersion = 12.0;
					};
				};
			};
			buildConfigurationList = 6557CB3E21CECED7000E0823 /* Build configuration list for PBXProject "OBS Camera" */;
			compatibilityVersion = "Xcode 10.0";
			developmentRegion = en;
			hasScannedForEncodings = 0;
			knownRegions = (
				en,
				Base,
			);
			mainGroup = 6557CB3A21CECED7000E0823;
			productRefGroup = 6557CB4421CECED8000E0823 /* Products */;
			projectDirPath = "";
			projectRoot = "";
			targets = (
				6557CB4221CECED8000E0823 /* OBS Camera */,
				65920C9324A1938C00CFD4DF /* widget1Extension */,
			);
		};
/* End PBXProject section */

/* Begin PBXResourcesBuildPhase section */
		6557CB4121CECED8000E0823 /* Resources */ = {
			isa = PBXResourcesBuildPhase;
			buildActionMask = 2147483647;
			files = (
				65847F5C21D15D4F0002BFC9 /* LaunchScreen.storyboard in Resources */,
				6557CB4E21CECF1E000E0823 /* Assets.xcassets in Resources */,
				6557CB4C21CECEDE000E0823 /* Main.storyboard in Resources */,
			);
			runOnlyForDeploymentPostprocessing = 0;
		};
		65920C9224A1938C00CFD4DF /* Resources */ = {
			isa = PBXResourcesBuildPhase;
			buildActionMask = 2147483647;
			files = (
				65920C9F24A193D300CFD4DF /* Assets.xcassets in Resources */,
			);
			runOnlyForDeploymentPostprocessing = 0;
		};
/* End PBXResourcesBuildPhase section */

/* Begin PBXSourcesBuildPhase section */
		6557CB3F21CECED8000E0823 /* Sources */ = {
			isa = PBXSourcesBuildPhase;
			buildActionMask = 2147483647;
			files = (
				6557CB4921CECEDE000E0823 /* ViewController.swift in Sources */,
				6557CB4721CECEDB000E0823 /* AppDelegate.swift in Sources */,
				65920CA224A193D300CFD4DF /* widget1.intentdefinition in Sources */,
				6598A3D121CFD7950077E046 /* PreviewViewController.swift in Sources */,
			);
			runOnlyForDeploymentPostprocessing = 0;
		};
		65920C9024A1938C00CFD4DF /* Sources */ = {
			isa = PBXSourcesBuildPhase;
			buildActionMask = 2147483647;
			files = (
				65920CA124A193D300CFD4DF /* widget1.intentdefinition in Sources */,
				65920C9C24A1938D00CFD4DF /* widget1.swift in Sources */,
			);
			runOnlyForDeploymentPostprocessing = 0;
		};
/* End PBXSourcesBuildPhase section */

/* Begin PBXTargetDependency section */
		65920CA424A193D300CFD4DF /* PBXTargetDependency */ = {
			isa = PBXTargetDependency;
			target = 65920C9324A1938C00CFD4DF /* widget1Extension */;
			targetProxy = 65920CA324A193D300CFD4DF /* PBXContainerItemProxy */;
		};
/* End PBXTargetDependency section */

/* Begin PBXVariantGroup section */
		6557CB4A21CECEDE000E0823 /* Main.storyboard */ = {
			isa = PBXVariantGroup;
			children = (
				6557CB4B21CECEDE000E0823 /* Base */,
			);
			name = Main.storyboard;
			sourceTree = "<group>";
		};
		65847F5A21D15D4F0002BFC9 /* LaunchScreen.storyboard */ = {
			isa = PBXVariantGroup;
			children = (
				65847F5B21D15D4F0002BFC9 /* Base */,
			);
			name = LaunchScreen.storyboard;
			sourceTree = "<group>";
		};
/* End PBXVariantGroup section */

/* Begin XCBuildConfiguration section */
		6557CB5321CECF1F000E0823 /* Debug */ = {
			isa = XCBuildConfiguration;
			buildSettings = {
				ALWAYS_SEARCH_USER_PATHS = NO;
				CLANG_ANALYZER_NONNULL = YES;
				CLANG_ANALYZER_NUMBER_OBJECT_CONVERSION = YES_AGGRESSIVE;
				CLANG_CXX_LANGUAGE_STANDARD = "gnu++14";
				CLANG_CXX_LIBRARY = "libc++";
				CLANG_ENABLE_MODULES = YES;
				CLANG_ENABLE_OBJC_ARC = YES;
				CLANG_ENABLE_OBJC_WEAK = YES;
				CLANG_WARN_BLOCK_CAPTURE_AUTORELEASING = YES;
				CLANG_WARN_BOOL_CONVERSION = YES;
				CLANG_WARN_COMMA = YES;
				CLANG_WARN_CONSTANT_CONVERSION = YES;
				CLANG_WARN_DEPRECATED_OBJC_IMPLEMENTATIONS = YES;
				CLANG_WARN_DIRECT_OBJC_ISA_USAGE = YES_ERROR;
				CLANG_WARN_DOCUMENTATION_COMMENTS = YES;
				CLANG_WARN_EMPTY_BODY = YES;
				CLANG_WARN_ENUM_CONVERSION = YES;
				CLANG_WARN_INFINITE_RECURSION = YES;
				CLANG_WARN_INT_CONVERSION = YES;
				CLANG_WARN_NON_LITERAL_NULL_CONVERSION = YES;
				CLANG_WARN_OBJC_IMPLICIT_RETAIN_SELF = YES;
				CLANG_WARN_OBJC_LITERAL_CONVERSION = YES;
				CLANG_WARN_OBJC_ROOT_CLASS = YES_ERROR;
				CLANG_WARN_QUOTED_INCLUDE_IN_FRAMEWORK_HEADER = YES;
				CLANG_WARN_RANGE_LOOP_ANALYSIS = YES;
				CLANG_WARN_STRICT_PROTOTYPES = YES;
				CLANG_WARN_SUSPICIOUS_MOVE = YES;
				CLANG_WARN_UNGUARDED_AVAILABILITY = YES_AGGRESSIVE;
				CLANG_WARN_UNREACHABLE_CODE = YES;
				CLANG_WARN__DUPLICATE_METHOD_MATCH = YES;
				CODE_SIGN_IDENTITY = "iPhone Developer";
				COPY_PHASE_STRIP = NO;
				DEBUG_INFORMATION_FORMAT = dwarf;
				ENABLE_STRICT_OBJC_MSGSEND = YES;
				ENABLE_TESTABILITY = YES;
				GCC_C_LANGUAGE_STANDARD = gnu11;
				GCC_DYNAMIC_NO_PIC = NO;
				GCC_NO_COMMON_BLOCKS = YES;
				GCC_OPTIMIZATION_LEVEL = 0;
				GCC_PREPROCESSOR_DEFINITIONS = (
					"DEBUG=1",
					"$(inherited)",
				);
				GCC_WARN_64_TO_32_BIT_CONVERSION = YES;
				GCC_WARN_ABOUT_RETURN_TYPE = YES_ERROR;
				GCC_WARN_UNDECLARED_SELECTOR = YES;
				GCC_WARN_UNINITIALIZED_AUTOS = YES_AGGRESSIVE;
				GCC_WARN_UNUSED_FUNCTION = YES;
				GCC_WARN_UNUSED_VARIABLE = YES;
				IPHONEOS_DEPLOYMENT_TARGET = 14.0;
				MTL_ENABLE_DEBUG_INFO = INCLUDE_SOURCE;
				MTL_FAST_MATH = YES;
				ONLY_ACTIVE_ARCH = YES;
				SDKROOT = iphoneos;
				SWIFT_ACTIVE_COMPILATION_CONDITIONS = DEBUG;
				SWIFT_OPTIMIZATION_LEVEL = "-Onone";
			};
			name = Debug;
		};
		6557CB5421CECF1F000E0823 /* Release */ = {
			isa = XCBuildConfiguration;
			buildSettings = {
				ALWAYS_SEARCH_USER_PATHS = NO;
				CLANG_ANALYZER_NONNULL = YES;
				CLANG_ANALYZER_NUMBER_OBJECT_CONVERSION = YES_AGGRESSIVE;
				CLANG_CXX_LANGUAGE_STANDARD = "gnu++14";
				CLANG_CXX_LIBRARY = "libc++";
				CLANG_ENABLE_MODULES = YES;
				CLANG_ENABLE_OBJC_ARC = YES;
				CLANG_ENABLE_OBJC_WEAK = YES;
				CLANG_WARN_BLOCK_CAPTURE_AUTORELEASING = YES;
				CLANG_WARN_BOOL_CONVERSION = YES;
				CLANG_WARN_COMMA = YES;
				CLANG_WARN_CONSTANT_CONVERSION = YES;
				CLANG_WARN_DEPRECATED_OBJC_IMPLEMENTATIONS = YES;
				CLANG_WARN_DIRECT_OBJC_ISA_USAGE = YES_ERROR;
				CLANG_WARN_DOCUMENTATION_COMMENTS = YES;
				CLANG_WARN_EMPTY_BODY = YES;
				CLANG_WARN_ENUM_CONVERSION = YES;
				CLANG_WARN_INFINITE_RECURSION = YES;
				CLANG_WARN_INT_CONVERSION = YES;
				CLANG_WARN_NON_LITERAL_NULL_CONVERSION = YES;
				CLANG_WARN_OBJC_IMPLICIT_RETAIN_SELF = YES;
				CLANG_WARN_OBJC_LITERAL_CONVERSION = YES;
				CLANG_WARN_OBJC_ROOT_CLASS = YES_ERROR;
				CLANG_WARN_QUOTED_INCLUDE_IN_FRAMEWORK_HEADER = YES;
				CLANG_WARN_RANGE_LOOP_ANALYSIS = YES;
				CLANG_WARN_STRICT_PROTOTYPES = YES;
				CLANG_WARN_SUSPICIOUS_MOVE = YES;
				CLANG_WARN_UNGUARDED_AVAILABILITY = YES_AGGRESSIVE;
				CLANG_WARN_UNREACHABLE_CODE = YES;
				CLANG_WARN__DUPLICATE_METHOD_MATCH = YES;
				CODE_SIGN_IDENTITY = "iPhone Developer";
				COPY_PHASE_STRIP = NO;
				DEBUG_INFORMATION_FORMAT = "dwarf-with-dsym";
				ENABLE_NS_ASSERTIONS = NO;
				ENABLE_STRICT_OBJC_MSGSEND = YES;
				GCC_C_LANGUAGE_STANDARD = gnu11;
				GCC_NO_COMMON_BLOCKS = YES;
				GCC_WARN_64_TO_32_BIT_CONVERSION = YES;
				GCC_WARN_ABOUT_RETURN_TYPE = YES_ERROR;
				GCC_WARN_UNDECLARED_SELECTOR = YES;
				GCC_WARN_UNINITIALIZED_AUTOS = YES_AGGRESSIVE;
				GCC_WARN_UNUSED_FUNCTION = YES;
				GCC_WARN_UNUSED_VARIABLE = YES;
				IPHONEOS_DEPLOYMENT_TARGET = 14.0;
				MTL_ENABLE_DEBUG_INFO = NO;
				MTL_FAST_MATH = YES;
				SDKROOT = iphoneos;
				SWIFT_COMPILATION_MODE = wholemodule;
				SWIFT_OPTIMIZATION_LEVEL = "-O";
				VALIDATE_PRODUCT = YES;
			};
			name = Release;
		};
		6557CB5621CECF1F000E0823 /* Debug */ = {
			isa = XCBuildConfiguration;
			buildSettings = {
				ALWAYS_EMBED_SWIFT_STANDARD_LIBRARIES = YES;
				ASSETCATALOG_COMPILER_APPICON_NAME = AppIcon;
				CONFIGURATION_BUILD_DIR = "$(BUILD_DIR)/$(CONFIGURATION)";
				CONFIGURATION_TEMP_DIR = "$(PROJECT_TEMP_DIR)/$(CONFIGURATION)";
				DEVELOPMENT_TEAM = KQ8J5D3R22;
				INFOPLIST_FILE = "OBS Camera/Info.plist";
				IPHONEOS_DEPLOYMENT_TARGET = 13.5;
				LD_RUNPATH_SEARCH_PATHS = (
					"$(inherited)",
					"@executable_path/Frameworks",
				);
				MARKETING_VERSION = 1.2;
				PRODUCT_BUNDLE_IDENTIFIER = gregoryw3.com.obscamera;
				PRODUCT_NAME = "$(TARGET_NAME)";
				SWIFT_VERSION = 5.0;
				TARGETED_DEVICE_FAMILY = "1,2";
			};
			name = Debug;
		};
		6557CB5721CECF1F000E0823 /* Release */ = {
			isa = XCBuildConfiguration;
			buildSettings = {
				ALWAYS_EMBED_SWIFT_STANDARD_LIBRARIES = YES;
				ASSETCATALOG_COMPILER_APPICON_NAME = AppIcon;
				CONFIGURATION_BUILD_DIR = "$(BUILD_DIR)/$(CONFIGURATION)";
				CONFIGURATION_TEMP_DIR = "$(PROJECT_TEMP_DIR)/$(CONFIGURATION)";
				DEVELOPMENT_TEAM = KQ8J5D3R22;
				INFOPLIST_FILE = "OBS Camera/Info.plist";
				IPHONEOS_DEPLOYMENT_TARGET = 13.5;
				LD_RUNPATH_SEARCH_PATHS = (
					"$(inherited)",
					"@executable_path/Frameworks",
				);
				MARKETING_VERSION = 1.2;
				PRODUCT_BUNDLE_IDENTIFIER = gregoryw3.com.obscamera;
				PRODUCT_NAME = "$(TARGET_NAME)";
				SWIFT_VERSION = 5.0;
				TARGETED_DEVICE_FAMILY = "1,2";
			};
			name = Release;
		};
		65920CA724A193D300CFD4DF /* Debug */ = {
			isa = XCBuildConfiguration;
			buildSettings = {
				ASSETCATALOG_COMPILER_GLOBAL_ACCENT_COLOR_NAME = AccentColor;
				ASSETCATALOG_COMPILER_WIDGET_BACKGROUND_COLOR_NAME = WidgetBackground;
				CODE_SIGN_STYLE = Automatic;
				DEVELOPMENT_TEAM = KQ8J5D3R22;
				INFOPLIST_FILE = widget1/Info.plist;
				LD_RUNPATH_SEARCH_PATHS = (
					"$(inherited)",
					"@executable_path/Frameworks",
					"@executable_path/../../Frameworks",
				);
				PRODUCT_BUNDLE_IDENTIFIER = gregoryw3.com.obscamera.widget1;
				PRODUCT_NAME = "$(TARGET_NAME)";
				SKIP_INSTALL = YES;
				SWIFT_VERSION = 5.0;
				TARGETED_DEVICE_FAMILY = "1,2";
			};
			name = Debug;
		};
		65920CA824A193D300CFD4DF /* Release */ = {
			isa = XCBuildConfiguration;
			buildSettings = {
				ASSETCATALOG_COMPILER_GLOBAL_ACCENT_COLOR_NAME = AccentColor;
				ASSETCATALOG_COMPILER_WIDGET_BACKGROUND_COLOR_NAME = WidgetBackground;
				CODE_SIGN_STYLE = Automatic;
				DEVELOPMENT_TEAM = KQ8J5D3R22;
				INFOPLIST_FILE = widget1/Info.plist;
				LD_RUNPATH_SEARCH_PATHS = (
					"$(inherited)",
					"@executable_path/Frameworks",
					"@executable_path/../../Frameworks",
				);
				PRODUCT_BUNDLE_IDENTIFIER = gregoryw3.com.obscamera.widget1;
				PRODUCT_NAME = "$(TARGET_NAME)";
				SKIP_INSTALL = YES;
				SWIFT_VERSION = 5.0;
				TARGETED_DEVICE_FAMILY = "1,2";
			};
			name = Release;
		};
/* End XCBuildConfiguration section */

/* Begin XCConfigurationList section */
		6557CB3E21CECED7000E0823 /* Build configuration list for PBXProject "OBS Camera" */ = {
			isa = XCConfigurationList;
			buildConfigurations = (
				6557CB5321CECF1F000E0823 /* Debug */,
				6557CB5421CECF1F000E0823 /* Release */,
			);
			defaultConfigurationIsVisible = 0;
			defaultConfigurationName = Release;
		};
		6557CB5521CECF1F000E0823 /* Build configuration list for PBXNativeTarget "OBS Camera" */ = {
			isa = XCConfigurationList;
			buildConfigurations = (
				6557CB5621CECF1F000E0823 /* Debug */,
				6557CB5721CECF1F000E0823 /* Release */,
			);
			defaultConfigurationIsVisible = 0;
			defaultConfigurationName = Release;
		};
		65920CA624A193D300CFD4DF /* Build configuration list for PBXNativeTarget "widget1Extension" */ = {
			isa = XCConfigurationList;
			buildConfigurations = (
				65920CA724A193D300CFD4DF /* Debug */,
				65920CA824A193D300CFD4DF /* Release */,
			);
			defaultConfigurationIsVisible = 0;
			defaultConfigurationName = Release;
		};
/* End XCConfigurationList section */
	};
	rootObject = 6557CB3B21CECED7000E0823 /* Project object */;
}
